
Microsoft Visual Studio Solution File, Format Version 12.00
# Visual Studio Version 16
VisualStudioVersion = 16.0.31605.320
MinimumVisualStudioVersion = 10.0.40219.1
Project("{FAE04EC0-301F-11D3-BF4B-00C04F79EFBC}") = "DEMO", "DEMO\DEMO.csproj", "{85E6BB7E-54B4-468C-9B7F-1CA2B8C9F622}"
EndProject
Global
	GlobalSection(SolutionConfigurationPlatforms) = preSolution
		Debug|Any CPU = Debug|Any CPU
		Release|Any CPU = Release|Any CPU
	EndGlobalSection
	GlobalSection(ProjectConfigurationPlatforms) = postSolution
		{85E6BB7E-54B4-468C-9B7F-1CA2B8C9F622}.Debug|Any CPU.ActiveCfg = Debug|Any CPU
		{85E6BB7E-54B4-468C-9B7F-1CA2B8C9F622}.Debug|Any CPU.Build.0 = Debug|Any CPU
		{85E6BB7E-54B4-468C-9B7F-1CA2B8C9F622}.Release|Any CPU.ActiveCfg = Release|Any CPU
		{85E6BB7E-54B4-468C-9B7F-1CA2B8C9F622}.Release|Any CPU.Build.0 = Release|Any CPU
	EndGlobalSection
	GlobalSection(SolutionProperties) = preSolution
		HideSolutionNode = FALSE
	EndGlobalSection
	GlobalSection(ExtensibilityGlobals) = postSolution
		SolutionGuid = {D6A58F90-CBAE-4786-B4BF-0649448692FF}
	EndGlobalSection
EndGlobal
